
Microsoft Visual Studio Solution File, Format Version 12.00
# Visual Studio Version 17
VisualStudioVersion = 17.8.34408.163
MinimumVisualStudioVersion = 10.0.40219.1
Project("{8BC9CEB8-8B4A-11D0-8D11-00A0C91BC942}") = "PG2_task2", "PG2_task2.vcxproj", "{245D6179-EC1A-4E53-94C9-2F923A768E33}"
EndProject
Global
	GlobalSection(SolutionConfigurationPlatforms) = preSolution
		Debug|x64 = Debug|x64
		Release|x64 = Release|x64
	EndGlobalSection
	GlobalSection(ProjectConfigurationPlatforms) = postSolution
		{245D6179-EC1A-4E53-94C9-2F923A768E33}.Debug|x64.ActiveCfg = Debug|x64
		{245D6179-EC1A-4E53-94C9-2F923A768E33}.Debug|x64.Build.0 = Debug|x64
		{245D6179-EC1A-4E53-94C9-2F923A768E33}.Release|x64.ActiveCfg = Release|x64
		{245D6179-EC1A-4E53-94C9-2F923A768E33}.Release|x64.Build.0 = Release|x64
	EndGlobalSection
	GlobalSection(SolutionProperties) = preSolution
		HideSolutionNode = FALSE
	EndGlobalSection
	GlobalSection(ExtensibilityGlobals) = postSolution
		SolutionGuid = {7556A2BE-869A-4FEC-882B-AECBBAC13310}
	EndGlobalSection
EndGlobal
